
Microsoft Visual Studio Solution File, Format Version 12.00
# Visual Studio 14
VisualStudioVersion = 14.0.24720.0
MinimumVisualStudioVersion = 10.0.40219.1
Project("{8BB2217D-0F2D-49D1-97BC-3654ED321F3B}") = "xUnit Tests", "xUnit Tests\xUnit Tests.xproj", "{650A5A85-5956-491E-9312-5E25A27D1108}"
	ProjectSection(ProjectDependencies) = postProject
		{BA64F492-2BE9-422C-B899-9CFEA0D1A048} = {BA64F492-2BE9-422C-B899-9CFEA0D1A048}
	EndProjectSection
EndProject
Project("{8BB2217D-0F2D-49D1-97BC-3654ED321F3B}") = "StopGuessing", "StopGuessing\StopGuessing.xproj", "{BA64F492-2BE9-422C-B899-9CFEA0D1A048}"
EndProject
Project("{2150E333-8FDC-42A3-9474-1A3956D46DE8}") = "Solution Items", "Solution Items", "{22C611CE-29B3-4F1E-A741-13B8B5CC0DCC}"
	ProjectSection(SolutionItems) = preProject
		Performance1.psess = Performance1.psess
		Performance2.psess = Performance2.psess
	EndProjectSection
EndProject
Project("{8BB2217D-0F2D-49D1-97BC-3654ED321F3B}") = "Simulator", "Simulator\Simulator.xproj", "{13E79588-59C0-47F5-B757-DCD8766EDBA0}"
EndProject
Project("{FAE04EC0-301F-11D3-BF4B-00C04F79EFBC}") = "PostSimulationAnalysisOldRuntime", "PostSimulationAnalysisOldRuntime\PostSimulationAnalysisOldRuntime.csproj", "{0E1898E6-417D-463D-A0C7-7D4A53452538}"
EndProject
Project("{FAE04EC0-301F-11D3-BF4B-00C04F79EFBC}") = "Binomial Ladder Sketch Parameter Calculator", "Binomial Ladder Sketch Parameter Calculator\Binomial Ladder Sketch Parameter Calculator.csproj", "{A5CE9C56-5AD2-486C-87DD-782D6178A799}"
EndProject
Global
	GlobalSection(Performance) = preSolution
		HasPerformanceSessions = true
	EndGlobalSection
	GlobalSection(SolutionConfigurationPlatforms) = preSolution
		Debug|Any CPU = Debug|Any CPU
		Release|Any CPU = Release|Any CPU
	EndGlobalSection
	GlobalSection(ProjectConfigurationPlatforms) = postSolution
		{650A5A85-5956-491E-9312-5E25A27D1108}.Debug|Any CPU.ActiveCfg = Debug|Any CPU
		{650A5A85-5956-491E-9312-5E25A27D1108}.Debug|Any CPU.Build.0 = Debug|Any CPU
		{650A5A85-5956-491E-9312-5E25A27D1108}.Release|Any CPU.ActiveCfg = Release|Any CPU
		{650A5A85-5956-491E-9312-5E25A27D1108}.Release|Any CPU.Build.0 = Release|Any CPU
		{BA64F492-2BE9-422C-B899-9CFEA0D1A048}.Debug|Any CPU.ActiveCfg = Debug|Any CPU
		{BA64F492-2BE9-422C-B899-9CFEA0D1A048}.Debug|Any CPU.Build.0 = Debug|Any CPU
		{BA64F492-2BE9-422C-B899-9CFEA0D1A048}.Release|Any CPU.ActiveCfg = Release|Any CPU
		{BA64F492-2BE9-422C-B899-9CFEA0D1A048}.Release|Any CPU.Build.0 = Release|Any CPU
		{13E79588-59C0-47F5-B757-DCD8766EDBA0}.Debug|Any CPU.ActiveCfg = Debug|Any CPU
		{13E79588-59C0-47F5-B757-DCD8766EDBA0}.Debug|Any CPU.Build.0 = Debug|Any CPU
		{13E79588-59C0-47F5-B757-DCD8766EDBA0}.Release|Any CPU.ActiveCfg = Release|Any CPU
		{13E79588-59C0-47F5-B757-DCD8766EDBA0}.Release|Any CPU.Build.0 = Release|Any CPU
		{0E1898E6-417D-463D-A0C7-7D4A53452538}.Debug|Any CPU.ActiveCfg = Debug|Any CPU
		{0E1898E6-417D-463D-A0C7-7D4A53452538}.Debug|Any CPU.Build.0 = Debug|Any CPU
		{0E1898E6-417D-463D-A0C7-7D4A53452538}.Release|Any CPU.ActiveCfg = Release|Any CPU
		{0E1898E6-417D-463D-A0C7-7D4A53452538}.Release|Any CPU.Build.0 = Release|Any CPU
		{A5CE9C56-5AD2-486C-87DD-782D6178A799}.Debug|Any CPU.ActiveCfg = Debug|Any CPU
		{A5CE9C56-5AD2-486C-87DD-782D6178A799}.Debug|Any CPU.Build.0 = Debug|Any CPU
		{A5CE9C56-5AD2-486C-87DD-782D6178A799}.Release|Any CPU.ActiveCfg = Release|Any CPU
		{A5CE9C56-5AD2-486C-87DD-782D6178A799}.Release|Any CPU.Build.0 = Release|Any CPU
	EndGlobalSection
	GlobalSection(SolutionProperties) = preSolution
		HideSolutionNode = FALSE
	EndGlobalSection
EndGlobal
